
Microsoft Visual Studio Solution File, Format Version 12.00
# Visual Studio Version 16
VisualStudioVersion = 16.0.30114.105
MinimumVisualStudioVersion = 10.0.40219.1
Project("{2150E333-8FDC-42A3-9474-1A3956D46DE8}") = "src", "src", "{7D5ECC5B-11D9-4BE6-9FAA-B0EBD61BFED2}"
EndProject
Project("{FAE04EC0-301F-11D3-BF4B-00C04F79EFBC}") = "CalcService", "src\CalcService\CalcService.csproj", "{400BDF92-86B2-403C-8AD7-05E3D6EAFD91}"
EndProject
Project("{2150E333-8FDC-42A3-9474-1A3956D46DE8}") = "test", "test", "{2F3F3009-74F9-4043-97B9-51C010C284DB}"
EndProject
Project("{FAE04EC0-301F-11D3-BF4B-00C04F79EFBC}") = "CalcService.Tests", "test\CalcService.Tests\CalcService.Tests.csproj", "{082684C8-35F5-49AE-91E1-D38D2CFD9514}"
EndProject
Global
	GlobalSection(SolutionConfigurationPlatforms) = preSolution
		Debug|Any CPU = Debug|Any CPU
		Debug|x64 = Debug|x64
		Debug|x86 = Debug|x86
		Release|Any CPU = Release|Any CPU
		Release|x64 = Release|x64
		Release|x86 = Release|x86
	EndGlobalSection
	GlobalSection(SolutionProperties) = preSolution
		HideSolutionNode = FALSE
	EndGlobalSection
	GlobalSection(ProjectConfigurationPlatforms) = postSolution
		{400BDF92-86B2-403C-8AD7-05E3D6EAFD91}.Debug|Any CPU.ActiveCfg = Debug|Any CPU
		{400BDF92-86B2-403C-8AD7-05E3D6EAFD91}.Debug|Any CPU.Build.0 = Debug|Any CPU
		{400BDF92-86B2-403C-8AD7-05E3D6EAFD91}.Debug|x64.ActiveCfg = Debug|Any CPU
		{400BDF92-86B2-403C-8AD7-05E3D6EAFD91}.Debug|x64.Build.0 = Debug|Any CPU
		{400BDF92-86B2-403C-8AD7-05E3D6EAFD91}.Debug|x86.ActiveCfg = Debug|Any CPU
		{400BDF92-86B2-403C-8AD7-05E3D6EAFD91}.Debug|x86.Build.0 = Debug|Any CPU
		{400BDF92-86B2-403C-8AD7-05E3D6EAFD91}.Release|Any CPU.ActiveCfg = Release|Any CPU
		{400BDF92-86B2-403C-8AD7-05E3D6EAFD91}.Release|Any CPU.Build.0 = Release|Any CPU
		{400BDF92-86B2-403C-8AD7-05E3D6EAFD91}.Release|x64.ActiveCfg = Release|Any CPU
		{400BDF92-86B2-403C-8AD7-05E3D6EAFD91}.Release|x64.Build.0 = Release|Any CPU
		{400BDF92-86B2-403C-8AD7-05E3D6EAFD91}.Release|x86.ActiveCfg = Release|Any CPU
		{400BDF92-86B2-403C-8AD7-05E3D6EAFD91}.Release|x86.Build.0 = Release|Any CPU
		{082684C8-35F5-49AE-91E1-D38D2CFD9514}.Debug|Any CPU.ActiveCfg = Debug|Any CPU
		{082684C8-35F5-49AE-91E1-D38D2CFD9514}.Debug|Any CPU.Build.0 = Debug|Any CPU
		{082684C8-35F5-49AE-91E1-D38D2CFD9514}.Debug|x64.ActiveCfg = Debug|Any CPU
		{082684C8-35F5-49AE-91E1-D38D2CFD9514}.Debug|x64.Build.0 = Debug|Any CPU
		{082684C8-35F5-49AE-91E1-D38D2CFD9514}.Debug|x86.ActiveCfg = Debug|Any CPU
		{082684C8-35F5-49AE-91E1-D38D2CFD9514}.Debug|x86.Build.0 = Debug|Any CPU
		{082684C8-35F5-49AE-91E1-D38D2CFD9514}.Release|Any CPU.ActiveCfg = Release|Any CPU
		{082684C8-35F5-49AE-91E1-D38D2CFD9514}.Release|Any CPU.Build.0 = Release|Any CPU
		{082684C8-35F5-49AE-91E1-D38D2CFD9514}.Release|x64.ActiveCfg = Release|Any CPU
		{082684C8-35F5-49AE-91E1-D38D2CFD9514}.Release|x64.Build.0 = Release|Any CPU
		{082684C8-35F5-49AE-91E1-D38D2CFD9514}.Release|x86.ActiveCfg = Release|Any CPU
		{082684C8-35F5-49AE-91E1-D38D2CFD9514}.Release|x86.Build.0 = Release|Any CPU
	EndGlobalSection
	GlobalSection(NestedProjects) = preSolution
		{400BDF92-86B2-403C-8AD7-05E3D6EAFD91} = {7D5ECC5B-11D9-4BE6-9FAA-B0EBD61BFED2}
		{082684C8-35F5-49AE-91E1-D38D2CFD9514} = {2F3F3009-74F9-4043-97B9-51C010C284DB}
	EndGlobalSection
EndGlobal
